
Microsoft Visual Studio Solution File, Format Version 12.00
# Visual Studio Version 17
VisualStudioVersion = 17.11.35312.102
MinimumVisualStudioVersion = 10.0.40219.1
Project("{FAE04EC0-301F-11D3-BF4B-00C04F79EFBC}") = "InheritanceDemo_inheritance", "InheritanceDemo_inheritance.csproj", "{D49201CA-117E-453B-B816-137D4D97E0AD}"
EndProject
Global
	GlobalSection(SolutionConfigurationPlatforms) = preSolution
		Debug|Any CPU = Debug|Any CPU
		Release|Any CPU = Release|Any CPU
	EndGlobalSection
	GlobalSection(ProjectConfigurationPlatforms) = postSolution
		{D49201CA-117E-453B-B816-137D4D97E0AD}.Debug|Any CPU.ActiveCfg = Debug|Any CPU
		{D49201CA-117E-453B-B816-137D4D97E0AD}.Debug|Any CPU.Build.0 = Debug|Any CPU
		{D49201CA-117E-453B-B816-137D4D97E0AD}.Release|Any CPU.ActiveCfg = Release|Any CPU
		{D49201CA-117E-453B-B816-137D4D97E0AD}.Release|Any CPU.Build.0 = Release|Any CPU
	EndGlobalSection
	GlobalSection(SolutionProperties) = preSolution
		HideSolutionNode = FALSE
	EndGlobalSection
	GlobalSection(ExtensibilityGlobals) = postSolution
		SolutionGuid = {02C9C984-08D9-40BB-82E3-C02FC532C0A0}
	EndGlobalSection
EndGlobal
