
Microsoft Visual Studio Solution File, Format Version 12.00
# Visual Studio Version 17
VisualStudioVersion = 17.11.35312.102
MinimumVisualStudioVersion = 10.0.40219.1
Project("{FAE04EC0-301F-11D3-BF4B-00C04F79EFBC}") = "MQTTApplication", "MQTTApplication.csproj", "{9CE383B1-4FBB-4076-A8EA-50E4D4C88249}"
EndProject
Global
	GlobalSection(SolutionConfigurationPlatforms) = preSolution
		Debug|Any CPU = Debug|Any CPU
		Release|Any CPU = Release|Any CPU
	EndGlobalSection
	GlobalSection(ProjectConfigurationPlatforms) = postSolution
		{9CE383B1-4FBB-4076-A8EA-50E4D4C88249}.Debug|Any CPU.ActiveCfg = Debug|Any CPU
		{9CE383B1-4FBB-4076-A8EA-50E4D4C88249}.Debug|Any CPU.Build.0 = Debug|Any CPU
		{9CE383B1-4FBB-4076-A8EA-50E4D4C88249}.Release|Any CPU.ActiveCfg = Release|Any CPU
		{9CE383B1-4FBB-4076-A8EA-50E4D4C88249}.Release|Any CPU.Build.0 = Release|Any CPU
	EndGlobalSection
	GlobalSection(SolutionProperties) = preSolution
		HideSolutionNode = FALSE
	EndGlobalSection
	GlobalSection(ExtensibilityGlobals) = postSolution
		SolutionGuid = {B28F32A5-6385-4A19-8CC0-F08E61103F89}
	EndGlobalSection
EndGlobal
