
Microsoft Visual Studio Solution File, Format Version 12.00
# Visual Studio Version 17
VisualStudioVersion = 17.11.35312.102
MinimumVisualStudioVersion = 10.0.40219.1
Project("{FAE04EC0-301F-11D3-BF4B-00C04F79EFBC}") = "CreateExceptionDemo_exception", "CreateExceptionDemo_exception.csproj", "{AC832CE9-95FE-4379-9CC6-FAEA784EFDD3}"
EndProject
Global
	GlobalSection(SolutionConfigurationPlatforms) = preSolution
		Debug|Any CPU = Debug|Any CPU
		Release|Any CPU = Release|Any CPU
	EndGlobalSection
	GlobalSection(ProjectConfigurationPlatforms) = postSolution
		{AC832CE9-95FE-4379-9CC6-FAEA784EFDD3}.Debug|Any CPU.ActiveCfg = Debug|Any CPU
		{AC832CE9-95FE-4379-9CC6-FAEA784EFDD3}.Debug|Any CPU.Build.0 = Debug|Any CPU
		{AC832CE9-95FE-4379-9CC6-FAEA784EFDD3}.Release|Any CPU.ActiveCfg = Release|Any CPU
		{AC832CE9-95FE-4379-9CC6-FAEA784EFDD3}.Release|Any CPU.Build.0 = Release|Any CPU
	EndGlobalSection
	GlobalSection(SolutionProperties) = preSolution
		HideSolutionNode = FALSE
	EndGlobalSection
	GlobalSection(ExtensibilityGlobals) = postSolution
		SolutionGuid = {6E3129D7-370D-4457-9296-B856ABA404EE}
	EndGlobalSection
EndGlobal
